
Microsoft Visual Studio Solution File, Format Version 12.00
# Visual Studio Version 16
VisualStudioVersion = 25.0.1706.0
MinimumVisualStudioVersion = 10.0.40219.1
Project("{FAE04EC0-301F-11D3-BF4B-00C04F79EFBC}") = "FantasyFishing", "FantasyFishing.csproj", "{3E3A664F-24AB-41DC-A1AB-4DA72493AC1D}"
EndProject
Global
	GlobalSection(SolutionConfigurationPlatforms) = preSolution
		Debug|Any CPU = Debug|Any CPU
		Release|Any CPU = Release|Any CPU
	EndGlobalSection
	GlobalSection(ProjectConfigurationPlatforms) = postSolution
		{3E3A664F-24AB-41DC-A1AB-4DA72493AC1D}.Debug|Any CPU.ActiveCfg = Debug|Any CPU
		{3E3A664F-24AB-41DC-A1AB-4DA72493AC1D}.Debug|Any CPU.Build.0 = Debug|Any CPU
		{3E3A664F-24AB-41DC-A1AB-4DA72493AC1D}.Release|Any CPU.ActiveCfg = Release|Any CPU
		{3E3A664F-24AB-41DC-A1AB-4DA72493AC1D}.Release|Any CPU.Build.0 = Release|Any CPU
	EndGlobalSection
	GlobalSection(SolutionProperties) = preSolution
		HideSolutionNode = FALSE
	EndGlobalSection
	GlobalSection(ExtensibilityGlobals) = postSolution
		SolutionGuid = {1E0903AE-E9D9-495C-8119-F0DB73319569}
	EndGlobalSection
EndGlobal
